
Microsoft Visual Studio Solution File, Format Version 11.00
# Visual Studio 2010
Project("{FAE04EC0-301F-11D3-BF4B-00C04F79EFBC}") = "Euh.Web", "Euh.Web\Euh.Web.csproj", "{DA8FBC7F-052C-4506-AD36-EB58B4F3235B}"
EndProject
Project("{2150E333-8FDC-42A3-9474-1A3956D46DE8}") = "Solution Items", "Solution Items", "{457448D0-74A2-49E2-8249-44F24B1C72E9}"
	ProjectSection(SolutionItems) = preProject
		Moq.dll = Moq.dll
	EndProjectSection
EndProject
Project("{FAE04EC0-301F-11D3-BF4B-00C04F79EFBC}") = "Euh.Crm.Core", "Euh.Crm.Core\Euh.Crm.Core.csproj", "{78A77627-9102-4342-BD84-339141D4CF1E}"
EndProject
Project("{2150E333-8FDC-42A3-9474-1A3956D46DE8}") = "Mongo-lib", "Mongo-lib", "{C21ACB2C-DD70-4543-9888-70DDA5CB9C2B}"
	ProjectSection(SolutionItems) = preProject
		Mongo-lib\MongoDB.dll = Mongo-lib\MongoDB.dll
		Mongo-lib\MongoDB.GridFS.dll = Mongo-lib\MongoDB.GridFS.dll
		Mongo-lib\MongoDB.GridFS.pdb = Mongo-lib\MongoDB.GridFS.pdb
		Mongo-lib\MongoDB.GridFS.xml = Mongo-lib\MongoDB.GridFS.xml
		Mongo-lib\MongoDB.pdb = Mongo-lib\MongoDB.pdb
		Mongo-lib\MongoDB.xml = Mongo-lib\MongoDB.xml
	EndProjectSection
EndProject
Global
	GlobalSection(SolutionConfigurationPlatforms) = preSolution
		Debug|Any CPU = Debug|Any CPU
		Release|Any CPU = Release|Any CPU
	EndGlobalSection
	GlobalSection(ProjectConfigurationPlatforms) = postSolution
		{DA8FBC7F-052C-4506-AD36-EB58B4F3235B}.Debug|Any CPU.ActiveCfg = Debug|Any CPU
		{DA8FBC7F-052C-4506-AD36-EB58B4F3235B}.Debug|Any CPU.Build.0 = Debug|Any CPU
		{DA8FBC7F-052C-4506-AD36-EB58B4F3235B}.Release|Any CPU.ActiveCfg = Release|Any CPU
		{DA8FBC7F-052C-4506-AD36-EB58B4F3235B}.Release|Any CPU.Build.0 = Release|Any CPU
		{78A77627-9102-4342-BD84-339141D4CF1E}.Debug|Any CPU.ActiveCfg = Debug|Any CPU
		{78A77627-9102-4342-BD84-339141D4CF1E}.Debug|Any CPU.Build.0 = Debug|Any CPU
		{78A77627-9102-4342-BD84-339141D4CF1E}.Release|Any CPU.ActiveCfg = Release|Any CPU
		{78A77627-9102-4342-BD84-339141D4CF1E}.Release|Any CPU.Build.0 = Release|Any CPU
	EndGlobalSection
	GlobalSection(SolutionProperties) = preSolution
		HideSolutionNode = FALSE
	EndGlobalSection
EndGlobal
